
Microsoft Visual Studio Solution File, Format Version 12.00
# Visual Studio 14
VisualStudioVersion = 14.0.24720.0
MinimumVisualStudioVersion = 10.0.40219.1
Project("{FAE04EC0-301F-11D3-BF4B-00C04F79EFBC}") = "Jogo de Memoria", "Jogo de Memoria\Jogo de Memoria.csproj", "{E07B7A0A-9699-47E7-9844-9BF5A6CB985F}"
EndProject
Global
	GlobalSection(SolutionConfigurationPlatforms) = preSolution
		Debug|Any CPU = Debug|Any CPU
		Release|Any CPU = Release|Any CPU
	EndGlobalSection
	GlobalSection(ProjectConfigurationPlatforms) = postSolution
		{E07B7A0A-9699-47E7-9844-9BF5A6CB985F}.Debug|Any CPU.ActiveCfg = Debug|Any CPU
		{E07B7A0A-9699-47E7-9844-9BF5A6CB985F}.Debug|Any CPU.Build.0 = Debug|Any CPU
		{E07B7A0A-9699-47E7-9844-9BF5A6CB985F}.Release|Any CPU.ActiveCfg = Release|Any CPU
		{E07B7A0A-9699-47E7-9844-9BF5A6CB985F}.Release|Any CPU.Build.0 = Release|Any CPU
	EndGlobalSection
	GlobalSection(SolutionProperties) = preSolution
		HideSolutionNode = FALSE
	EndGlobalSection
EndGlobal
