
Microsoft Visual Studio Solution File, Format Version 12.00
# Visual Studio 14
VisualStudioVersion = 14.0.24720.0
MinimumVisualStudioVersion = 10.0.40219.1
Project("{FAE04EC0-301F-11D3-BF4B-00C04F79EFBC}") = "Visualizador de Imagens", "Visualizador de Imagens\Visualizador de Imagens.csproj", "{2010BB64-DE94-4EA0-B49A-F9B99FD77E1B}"
EndProject
Global
	GlobalSection(SolutionConfigurationPlatforms) = preSolution
		Debug|Any CPU = Debug|Any CPU
		Release|Any CPU = Release|Any CPU
	EndGlobalSection
	GlobalSection(ProjectConfigurationPlatforms) = postSolution
		{2010BB64-DE94-4EA0-B49A-F9B99FD77E1B}.Debug|Any CPU.ActiveCfg = Debug|Any CPU
		{2010BB64-DE94-4EA0-B49A-F9B99FD77E1B}.Debug|Any CPU.Build.0 = Debug|Any CPU
		{2010BB64-DE94-4EA0-B49A-F9B99FD77E1B}.Release|Any CPU.ActiveCfg = Release|Any CPU
		{2010BB64-DE94-4EA0-B49A-F9B99FD77E1B}.Release|Any CPU.Build.0 = Release|Any CPU
	EndGlobalSection
	GlobalSection(SolutionProperties) = preSolution
		HideSolutionNode = FALSE
	EndGlobalSection
EndGlobal
